// !$*UTF8*$!
{
	archiveVersion = 1;
	classes = {
	};
	objectVersion = 50;
	objects = {

/* Begin PBXBuildFile section */
		0442AAB021E839A200448E14 /* PasswordPopView.m in Sources */ = {isa = PBXBuildFile; fileRef = 0442AAAF21E839A200448E14 /* PasswordPopView.m */; };
		0442AAB221E839B200448E14 /* PasswordPopView.xib in Resources */ = {isa = PBXBuildFile; fileRef = 0442AAB121E839B200448E14 /* PasswordPopView.xib */; };
		04589DDD21E3432000910318 /* AppDelegate.m in Sources */ = {isa = PBXBuildFile; fileRef = 04589DDC21E3432000910318 /* AppDelegate.m */; };
		04589DE321E3432000910318 /* Main.storyboard in Resources */ = {isa = PBXBuildFile; fileRef = 04589DE121E3432000910318 /* Main.storyboard */; };
		04589DE521E3432100910318 /* Assets.xcassets in Resources */ = {isa = PBXBuildFile; fileRef = 04589DE421E3432100910318 /* Assets.xcassets */; };
		04589DE821E3432100910318 /* LaunchScreen.storyboard in Resources */ = {isa = PBXBuildFile; fileRef = 04589DE621E3432100910318 /* LaunchScreen.storyboard */; };
		04589DEB21E3432100910318 /* main.m in Sources */ = {isa = PBXBuildFile; fileRef = 04589DEA21E3432100910318 /* main.m */; };
		04589DF821E34A5400910318 /* NavVC.m in Sources */ = {isa = PBXBuildFile; fileRef = 04589DF421E34A5400910318 /* NavVC.m */; };
		04589DF921E34A5400910318 /* TabBarVC.m in Sources */ = {isa = PBXBuildFile; fileRef = 04589DF721E34A5400910318 /* TabBarVC.m */; };
		04589DFF21E34AED00910318 /* UIColor+Util.m in Sources */ = {isa = PBXBuildFile; fileRef = 04589DFB21E34AED00910318 /* UIColor+Util.m */; };
		04589E0021E34AED00910318 /* UIImage+Util.m in Sources */ = {isa = PBXBuildFile; fileRef = 04589DFE21E34AED00910318 /* UIImage+Util.m */; };
		04589E0521E3515A00910318 /* BaseVC.m in Sources */ = {isa = PBXBuildFile; fileRef = 04589E0321E3515A00910318 /* BaseVC.m */; };
		04589E0921E3523900910318 /* WalletVC.m in Sources */ = {isa = PBXBuildFile; fileRef = 04589E0721E3523900910318 /* WalletVC.m */; };
		04589E0A21E3523900910318 /* WalletVC.xib in Resources */ = {isa = PBXBuildFile; fileRef = 04589E0821E3523900910318 /* WalletVC.xib */; };
		04589E0F21E3528600910318 /* ExploreVC.m in Sources */ = {isa = PBXBuildFile; fileRef = 04589E0D21E3528600910318 /* ExploreVC.m */; };
		04589E1521E3529F00910318 /* MyVC.m in Sources */ = {isa = PBXBuildFile; fileRef = 04589E1321E3529F00910318 /* MyVC.m */; };
		04589E1621E3529F00910318 /* MyVC.xib in Resources */ = {isa = PBXBuildFile; fileRef = 04589E1421E3529F00910318 /* MyVC.xib */; };
		04589E1A21E37D7800910318 /* ReceiptTransferButton.m in Sources */ = {isa = PBXBuildFile; fileRef = 04589E1921E37D7800910318 /* ReceiptTransferButton.m */; };
		045E2D5721E4A2F1007439B6 /* TransferVC.m in Sources */ = {isa = PBXBuildFile; fileRef = 045E2D5521E4A2F1007439B6 /* TransferVC.m */; };
		045E2D5821E4A2F1007439B6 /* TransferVC.xib in Resources */ = {isa = PBXBuildFile; fileRef = 045E2D5621E4A2F1007439B6 /* TransferVC.xib */; };
		049334C221E592DB00F1137A /* WTextView.m in Sources */ = {isa = PBXBuildFile; fileRef = 049334C121E592DB00F1137A /* WTextView.m */; };
		04AB4D7C21E7202000418AA2 /* AssetsTypePopView.m in Sources */ = {isa = PBXBuildFile; fileRef = 04AB4D7B21E7202000418AA2 /* AssetsTypePopView.m */; };
		04AB4D7F21E72BD400418AA2 /* TransferPopView.m in Sources */ = {isa = PBXBuildFile; fileRef = 04AB4D7E21E72BD400418AA2 /* TransferPopView.m */; };
		04AB4D8121E72C0100418AA2 /* TransferPopView.xib in Resources */ = {isa = PBXBuildFile; fileRef = 04AB4D8021E72C0100418AA2 /* TransferPopView.xib */; };
		04AB4D8421E74F8100418AA2 /* Toast.m in Sources */ = {isa = PBXBuildFile; fileRef = 04AB4D8321E74F8100418AA2 /* Toast.m */; };
		4E71F2BB21E748C6002467FE /* AESCrypt.m in Sources */ = {isa = PBXBuildFile; fileRef = 4E71F28721E748C6002467FE /* AESCrypt.m */; };
		4E71F2BC21E748C6002467FE /* Base64.m in Sources */ = {isa = PBXBuildFile; fileRef = 4E71F28921E748C6002467FE /* Base64.m */; };
		4E71F2BD21E748C6002467FE /* NSData+CommonCrypto.m in Sources */ = {isa = PBXBuildFile; fileRef = 4E71F28B21E748C6002467FE /* NSData+CommonCrypto.m */; };
		4E71F2BE21E748C6002467FE /* NSObject+Extension.m in Sources */ = {isa = PBXBuildFile; fileRef = 4E71F28D21E748C6002467FE /* NSObject+Extension.m */; };
		4E71F2BF21E748C6002467FE /* PBKDF2.m in Sources */ = {isa = PBXBuildFile; fileRef = 4E71F28F21E748C6002467FE /* PBKDF2.m */; };
		4E71F2C021E748C6002467FE /* client.p12 in Resources */ = {isa = PBXBuildFile; fileRef = 4E71F29121E748C6002467FE /* client.p12 */; };
		4E71F2C121E748C6002467FE /* server.cer in Resources */ = {isa = PBXBuildFile; fileRef = 4E71F29221E748C6002467FE /* server.cer */; };
		4E71F2C221E748C6002467FE /* base58.c in Sources */ = {isa = PBXBuildFile; fileRef = 4E71F29421E748C6002467FE /* base58.c */; };
		4E71F2C321E748C6002467FE /* rmd160.c in Sources */ = {isa = PBXBuildFile; fileRef = 4E71F29821E748C6002467FE /* rmd160.c */; };
		4E71F2C421E748C6002467FE /* sha2.c in Sources */ = {isa = PBXBuildFile; fileRef = 4E71F29A21E748C6002467FE /* sha2.c */; };
		4E71F2C521E748C6002467FE /* sha3.c in Sources */ = {isa = PBXBuildFile; fileRef = 4E71F29C21E748C6002467FE /* sha3.c */; };
		4E71F2C621E748C6002467FE /* uECC.c in Sources */ = {isa = PBXBuildFile; fileRef = 4E71F29E21E748C6002467FE /* uECC.c */; };
		4E71F2C721E748C6002467FE /* EcDsa.m in Sources */ = {isa = PBXBuildFile; fileRef = 4E71F2A221E748C6002467FE /* EcDsa.m */; };
		4E71F2C821E748C6002467FE /* EOS_Key_Encode.m in Sources */ = {isa = PBXBuildFile; fileRef = 4E71F2A421E748C6002467FE /* EOS_Key_Encode.m */; };
		4E71F2C921E748C6002467FE /* EosByteWriter.m in Sources */ = {isa = PBXBuildFile; fileRef = 4E71F2A621E748C6002467FE /* EosByteWriter.m */; };
		4E71F2CA21E748C6002467FE /* EosPrivateKey.m in Sources */ = {isa = PBXBuildFile; fileRef = 4E71F2A821E748C6002467FE /* EosPrivateKey.m */; };
		4E71F2CB21E748C6002467FE /* Sha256.m in Sources */ = {isa = PBXBuildFile; fileRef = 4E71F2AA21E748C6002467FE /* Sha256.m */; };
		4E71F2CC21E748C6002467FE /* TypeChainId.m in Sources */ = {isa = PBXBuildFile; fileRef = 4E71F2AC21E748C6002467FE /* TypeChainId.m */; };
		4E71F2CD21E748C6002467FE /* NSString+Hash.m in Sources */ = {isa = PBXBuildFile; fileRef = 4E71F2AF21E748C6002467FE /* NSString+Hash.m */; };
		4E71F2CE21E748C6002467FE /* JKBigDecimal.m in Sources */ = {isa = PBXBuildFile; fileRef = 4E71F2B221E748C6002467FE /* JKBigDecimal.m */; };
		4E71F2CF21E748C6002467FE /* JKBigInteger.m in Sources */ = {isa = PBXBuildFile; fileRef = 4E71F2B421E748C6002467FE /* JKBigInteger.m */; };
		4E71F2D021E748C6002467FE /* tommath.c in Sources */ = {isa = PBXBuildFile; fileRef = 4E71F2B621E748C6002467FE /* tommath.c */; };
		4E71F2E721E748F3002467FE /* CALayer+XibConfiguration.m in Sources */ = {isa = PBXBuildFile; fileRef = 4E71F2D321E748F2002467FE /* CALayer+XibConfiguration.m */; };
		4E71F2E821E748F3002467FE /* NSData+Hash.m in Sources */ = {isa = PBXBuildFile; fileRef = 4E71F2D521E748F2002467FE /* NSData+Hash.m */; };
		4E71F2E921E748F3002467FE /* NSDate+ExFoundation.m in Sources */ = {isa = PBXBuildFile; fileRef = 4E71F2D721E748F2002467FE /* NSDate+ExFoundation.m */; };
		4E71F2EA21E748F3002467FE /* NSDictionary+ExFoundation.m in Sources */ = {isa = PBXBuildFile; fileRef = 4E71F2D921E748F2002467FE /* NSDictionary+ExFoundation.m */; };
		4E71F2EB21E748F3002467FE /* NSObject+Extension.m in Sources */ = {isa = PBXBuildFile; fileRef = 4E71F2DB21E748F2002467FE /* NSObject+Extension.m */; };
		4E71F2EC21E748F3002467FE /* NSString+Extention.m in Sources */ = {isa = PBXBuildFile; fileRef = 4E71F2DD21E748F2002467FE /* NSString+Extention.m */; };
		4E71F2ED21E748F3002467FE /* UIImage+ExFoundation.m in Sources */ = {isa = PBXBuildFile; fileRef = 4E71F2DF21E748F2002467FE /* UIImage+ExFoundation.m */; };
		4E71F2EE21E748F3002467FE /* UITextView+Placeholder.m in Sources */ = {isa = PBXBuildFile; fileRef = 4E71F2E121E748F2002467FE /* UITextView+Placeholder.m */; };
		4E71F2EF21E748F3002467FE /* RegularExpression.m in Sources */ = {isa = PBXBuildFile; fileRef = 4E71F2E421E748F3002467FE /* RegularExpression.m */; };
		4E71F2F021E748F3002467FE /* WWJRegularJudge.m in Sources */ = {isa = PBXBuildFile; fileRef = 4E71F2E621E748F3002467FE /* WWJRegularJudge.m */; };
		6E5B108C7B74A79DEBF29EE6 /* libPods-wallet-ios.a in Frameworks */ = {isa = PBXBuildFile; fileRef = 51E8285F90ADA30D5FE69065 /* libPods-wallet-ios.a */; };
/* End PBXBuildFile section */

/* Begin PBXFileReference section */
		0442AAAE21E839A200448E14 /* PasswordPopView.h */ = {isa = PBXFileReference; lastKnownFileType = sourcecode.c.h; path = PasswordPopView.h; sourceTree = "<group>"; };
		0442AAAF21E839A200448E14 /* PasswordPopView.m */ = {isa = PBXFileReference; lastKnownFileType = sourcecode.c.objc; path = PasswordPopView.m; sourceTree = "<group>"; };
		0442AAB121E839B200448E14 /* PasswordPopView.xib */ = {isa = PBXFileReference; lastKnownFileType = file.xib; path = PasswordPopView.xib; sourceTree = "<group>"; };
		04589DD821E3432000910318 /* wallet-ios.app */ = {isa = PBXFileReference; explicitFileType = wrapper.application; includeInIndex = 0; path = "wallet-ios.app"; sourceTree = BUILT_PRODUCTS_DIR; };
		04589DDB21E3432000910318 /* AppDelegate.h */ = {isa = PBXFileReference; lastKnownFileType = sourcecode.c.h; path = AppDelegate.h; sourceTree = "<group>"; };
		04589DDC21E3432000910318 /* AppDelegate.m */ = {isa = PBXFileReference; lastKnownFileType = sourcecode.c.objc; path = AppDelegate.m; sourceTree = "<group>"; };
		04589DE221E3432000910318 /* Base */ = {isa = PBXFileReference; lastKnownFileType = file.storyboard; name = Base; path = Base.lproj/Main.storyboard; sourceTree = "<group>"; };
		04589DE421E3432100910318 /* Assets.xcassets */ = {isa = PBXFileReference; lastKnownFileType = folder.assetcatalog; path = Assets.xcassets; sourceTree = "<group>"; };
		04589DE721E3432100910318 /* Base */ = {isa = PBXFileReference; lastKnownFileType = file.storyboard; name = Base; path = Base.lproj/LaunchScreen.storyboard; sourceTree = "<group>"; };
		04589DE921E3432100910318 /* Info.plist */ = {isa = PBXFileReference; lastKnownFileType = text.plist.xml; path = Info.plist; sourceTree = "<group>"; };
		04589DEA21E3432100910318 /* main.m */ = {isa = PBXFileReference; lastKnownFileType = sourcecode.c.objc; path = main.m; sourceTree = "<group>"; };
		04589DF421E34A5400910318 /* NavVC.m */ = {isa = PBXFileReference; fileEncoding = 4; lastKnownFileType = sourcecode.c.objc; path = NavVC.m; sourceTree = "<group>"; };
		04589DF521E34A5400910318 /* NavVC.h */ = {isa = PBXFileReference; fileEncoding = 4; lastKnownFileType = sourcecode.c.h; path = NavVC.h; sourceTree = "<group>"; };
		04589DF621E34A5400910318 /* TabBarVC.h */ = {isa = PBXFileReference; fileEncoding = 4; lastKnownFileType = sourcecode.c.h; path = TabBarVC.h; sourceTree = "<group>"; };
		04589DF721E34A5400910318 /* TabBarVC.m */ = {isa = PBXFileReference; fileEncoding = 4; lastKnownFileType = sourcecode.c.objc; path = TabBarVC.m; sourceTree = "<group>"; };
		04589DFB21E34AED00910318 /* UIColor+Util.m */ = {isa = PBXFileReference; fileEncoding = 4; lastKnownFileType = sourcecode.c.objc; path = "UIColor+Util.m"; sourceTree = "<group>"; };
		04589DFC21E34AED00910318 /* UIImage+Util.h */ = {isa = PBXFileReference; fileEncoding = 4; lastKnownFileType = sourcecode.c.h; path = "UIImage+Util.h"; sourceTree = "<group>"; };
		04589DFD21E34AED00910318 /* UIColor+Util.h */ = {isa = PBXFileReference; fileEncoding = 4; lastKnownFileType = sourcecode.c.h; path = "UIColor+Util.h"; sourceTree = "<group>"; };
		04589DFE21E34AED00910318 /* UIImage+Util.m */ = {isa = PBXFileReference; fileEncoding = 4; lastKnownFileType = sourcecode.c.objc; path = "UIImage+Util.m"; sourceTree = "<group>"; };
		04589E0121E34BCE00910318 /* PrefixHeader.pch */ = {isa = PBXFileReference; lastKnownFileType = sourcecode.c.h; path = PrefixHeader.pch; sourceTree = "<group>"; };
		04589E0321E3515A00910318 /* BaseVC.m */ = {isa = PBXFileReference; fileEncoding = 4; lastKnownFileType = sourcecode.c.objc; path = BaseVC.m; sourceTree = "<group>"; };
		04589E0421E3515A00910318 /* BaseVC.h */ = {isa = PBXFileReference; fileEncoding = 4; lastKnownFileType = sourcecode.c.h; path = BaseVC.h; sourceTree = "<group>"; };
		04589E0621E3523900910318 /* WalletVC.h */ = {isa = PBXFileReference; lastKnownFileType = sourcecode.c.h; path = WalletVC.h; sourceTree = "<group>"; };
		04589E0721E3523900910318 /* WalletVC.m */ = {isa = PBXFileReference; lastKnownFileType = sourcecode.c.objc; path = WalletVC.m; sourceTree = "<group>"; };
		04589E0821E3523900910318 /* WalletVC.xib */ = {isa = PBXFileReference; lastKnownFileType = file.xib; path = WalletVC.xib; sourceTree = "<group>"; };
		04589E0C21E3528600910318 /* ExploreVC.h */ = {isa = PBXFileReference; lastKnownFileType = sourcecode.c.h; path = ExploreVC.h; sourceTree = "<group>"; };
		04589E0D21E3528600910318 /* ExploreVC.m */ = {isa = PBXFileReference; lastKnownFileType = sourcecode.c.objc; path = ExploreVC.m; sourceTree = "<group>"; };
		04589E1221E3529F00910318 /* MyVC.h */ = {isa = PBXFileReference; lastKnownFileType = sourcecode.c.h; path = MyVC.h; sourceTree = "<group>"; };
		04589E1321E3529F00910318 /* MyVC.m */ = {isa = PBXFileReference; lastKnownFileType = sourcecode.c.objc; path = MyVC.m; sourceTree = "<group>"; };
		04589E1421E3529F00910318 /* MyVC.xib */ = {isa = PBXFileReference; lastKnownFileType = file.xib; path = MyVC.xib; sourceTree = "<group>"; };
		04589E1821E37D7800910318 /* ReceiptTransferButton.h */ = {isa = PBXFileReference; lastKnownFileType = sourcecode.c.h; path = ReceiptTransferButton.h; sourceTree = "<group>"; };
		04589E1921E37D7800910318 /* ReceiptTransferButton.m */ = {isa = PBXFileReference; lastKnownFileType = sourcecode.c.objc; path = ReceiptTransferButton.m; sourceTree = "<group>"; };
		045E2D5421E4A2F1007439B6 /* TransferVC.h */ = {isa = PBXFileReference; lastKnownFileType = sourcecode.c.h; path = TransferVC.h; sourceTree = "<group>"; };
		045E2D5521E4A2F1007439B6 /* TransferVC.m */ = {isa = PBXFileReference; lastKnownFileType = sourcecode.c.objc; path = TransferVC.m; sourceTree = "<group>"; };
		045E2D5621E4A2F1007439B6 /* TransferVC.xib */ = {isa = PBXFileReference; lastKnownFileType = file.xib; path = TransferVC.xib; sourceTree = "<group>"; };
		049334C021E592DB00F1137A /* WTextView.h */ = {isa = PBXFileReference; lastKnownFileType = sourcecode.c.h; path = WTextView.h; sourceTree = "<group>"; };
		049334C121E592DB00F1137A /* WTextView.m */ = {isa = PBXFileReference; lastKnownFileType = sourcecode.c.objc; path = WTextView.m; sourceTree = "<group>"; };
		04AB4D7A21E7202000418AA2 /* AssetsTypePopView.h */ = {isa = PBXFileReference; lastKnownFileType = sourcecode.c.h; path = AssetsTypePopView.h; sourceTree = "<group>"; };
		04AB4D7B21E7202000418AA2 /* AssetsTypePopView.m */ = {isa = PBXFileReference; lastKnownFileType = sourcecode.c.objc; path = AssetsTypePopView.m; sourceTree = "<group>"; };
		04AB4D7D21E72BD400418AA2 /* TransferPopView.h */ = {isa = PBXFileReference; lastKnownFileType = sourcecode.c.h; path = TransferPopView.h; sourceTree = "<group>"; };
		04AB4D7E21E72BD400418AA2 /* TransferPopView.m */ = {isa = PBXFileReference; lastKnownFileType = sourcecode.c.objc; path = TransferPopView.m; sourceTree = "<group>"; };
		04AB4D8021E72C0100418AA2 /* TransferPopView.xib */ = {isa = PBXFileReference; lastKnownFileType = file.xib; path = TransferPopView.xib; sourceTree = "<group>"; };
		04AB4D8221E74F8100418AA2 /* Toast.h */ = {isa = PBXFileReference; fileEncoding = 4; lastKnownFileType = sourcecode.c.h; path = Toast.h; sourceTree = "<group>"; };
		04AB4D8321E74F8100418AA2 /* Toast.m */ = {isa = PBXFileReference; fileEncoding = 4; lastKnownFileType = sourcecode.c.objc; path = Toast.m; sourceTree = "<group>"; };
		4E71F28221E748A1002467FE /* BaseUrl.h */ = {isa = PBXFileReference; fileEncoding = 4; lastKnownFileType = sourcecode.c.h; path = BaseUrl.h; sourceTree = "<group>"; };
		4E71F28321E748A1002467FE /* Constant.h */ = {isa = PBXFileReference; fileEncoding = 4; lastKnownFileType = sourcecode.c.h; path = Constant.h; sourceTree = "<group>"; };
		4E71F28621E748C6002467FE /* AESCrypt.h */ = {isa = PBXFileReference; fileEncoding = 4; lastKnownFileType = sourcecode.c.h; path = AESCrypt.h; sourceTree = "<group>"; };
		4E71F28721E748C6002467FE /* AESCrypt.m */ = {isa = PBXFileReference; fileEncoding = 4; lastKnownFileType = sourcecode.c.objc; path = AESCrypt.m; sourceTree = "<group>"; };
		4E71F28821E748C6002467FE /* Base64.h */ = {isa = PBXFileReference; fileEncoding = 4; lastKnownFileType = sourcecode.c.h; path = Base64.h; sourceTree = "<group>"; };
		4E71F28921E748C6002467FE /* Base64.m */ = {isa = PBXFileReference; fileEncoding = 4; lastKnownFileType = sourcecode.c.objc; path = Base64.m; sourceTree = "<group>"; };
		4E71F28A21E748C6002467FE /* NSData+CommonCrypto.h */ = {isa = PBXFileReference; fileEncoding = 4; lastKnownFileType = sourcecode.c.h; path = "NSData+CommonCrypto.h"; sourceTree = "<group>"; };
		4E71F28B21E748C6002467FE /* NSData+CommonCrypto.m */ = {isa = PBXFileReference; fileEncoding = 4; lastKnownFileType = sourcecode.c.objc; path = "NSData+CommonCrypto.m"; sourceTree = "<group>"; };
		4E71F28C21E748C6002467FE /* NSObject+Extension.h */ = {isa = PBXFileReference; fileEncoding = 4; lastKnownFileType = sourcecode.c.h; path = "NSObject+Extension.h"; sourceTree = "<group>"; };
		4E71F28D21E748C6002467FE /* NSObject+Extension.m */ = {isa = PBXFileReference; fileEncoding = 4; lastKnownFileType = sourcecode.c.objc; path = "NSObject+Extension.m"; sourceTree = "<group>"; };
		4E71F28E21E748C6002467FE /* PBKDF2.h */ = {isa = PBXFileReference; fileEncoding = 4; lastKnownFileType = sourcecode.c.h; path = PBKDF2.h; sourceTree = "<group>"; };
		4E71F28F21E748C6002467FE /* PBKDF2.m */ = {isa = PBXFileReference; fileEncoding = 4; lastKnownFileType = sourcecode.c.objc; path = PBKDF2.m; sourceTree = "<group>"; };
		4E71F29121E748C6002467FE /* client.p12 */ = {isa = PBXFileReference; lastKnownFileType = file; path = client.p12; sourceTree = "<group>"; };
		4E71F29221E748C6002467FE /* server.cer */ = {isa = PBXFileReference; lastKnownFileType = file; path = server.cer; sourceTree = "<group>"; };
		4E71F29421E748C6002467FE /* base58.c */ = {isa = PBXFileReference; fileEncoding = 4; lastKnownFileType = sourcecode.c.c; path = base58.c; sourceTree = "<group>"; };
		4E71F29521E748C6002467FE /* libbase58.h */ = {isa = PBXFileReference; fileEncoding = 4; lastKnownFileType = sourcecode.c.h; path = libbase58.h; sourceTree = "<group>"; };
		4E71F29621E748C6002467FE /* macros.h */ = {isa = PBXFileReference; fileEncoding = 4; lastKnownFileType = sourcecode.c.h; path = macros.h; sourceTree = "<group>"; };
		4E71F29721E748C6002467FE /* options.h */ = {isa = PBXFileReference; fileEncoding = 4; lastKnownFileType = sourcecode.c.h; path = options.h; sourceTree = "<group>"; };
		4E71F29821E748C6002467FE /* rmd160.c */ = {isa = PBXFileReference; fileEncoding = 4; lastKnownFileType = sourcecode.c.c; path = rmd160.c; sourceTree = "<group>"; };
		4E71F29921E748C6002467FE /* rmd160.h */ = {isa = PBXFileReference; fileEncoding = 4; lastKnownFileType = sourcecode.c.h; path = rmd160.h; sourceTree = "<group>"; };
		4E71F29A21E748C6002467FE /* sha2.c */ = {isa = PBXFileReference; fileEncoding = 4; lastKnownFileType = sourcecode.c.c; path = sha2.c; sourceTree = "<group>"; };
		4E71F29B21E748C6002467FE /* sha2.h */ = {isa = PBXFileReference; fileEncoding = 4; lastKnownFileType = sourcecode.c.h; path = sha2.h; sourceTree = "<group>"; };
		4E71F29C21E748C6002467FE /* sha3.c */ = {isa = PBXFileReference; fileEncoding = 4; lastKnownFileType = sourcecode.c.c; path = sha3.c; sourceTree = "<group>"; };
		4E71F29D21E748C6002467FE /* sha3.h */ = {isa = PBXFileReference; fileEncoding = 4; lastKnownFileType = sourcecode.c.h; path = sha3.h; sourceTree = "<group>"; };
		4E71F29E21E748C6002467FE /* uECC.c */ = {isa = PBXFileReference; fileEncoding = 4; lastKnownFileType = sourcecode.c.c; path = uECC.c; sourceTree = "<group>"; };
		4E71F29F21E748C6002467FE /* uECC.h */ = {isa = PBXFileReference; fileEncoding = 4; lastKnownFileType = sourcecode.c.h; path = uECC.h; sourceTree = "<group>"; };
		4E71F2A121E748C6002467FE /* EcDsa.h */ = {isa = PBXFileReference; fileEncoding = 4; lastKnownFileType = sourcecode.c.h; path = EcDsa.h; sourceTree = "<group>"; };
		4E71F2A221E748C6002467FE /* EcDsa.m */ = {isa = PBXFileReference; fileEncoding = 4; lastKnownFileType = sourcecode.c.objc; path = EcDsa.m; sourceTree = "<group>"; };
		4E71F2A321E748C6002467FE /* EOS_Key_Encode.h */ = {isa = PBXFileReference; fileEncoding = 4; lastKnownFileType = sourcecode.c.h; path = EOS_Key_Encode.h; sourceTree = "<group>"; };
		4E71F2A421E748C6002467FE /* EOS_Key_Encode.m */ = {isa = PBXFileReference; fileEncoding = 4; lastKnownFileType = sourcecode.c.objc; path = EOS_Key_Encode.m; sourceTree = "<group>"; };
		4E71F2A521E748C6002467FE /* EosByteWriter.h */ = {isa = PBXFileReference; fileEncoding = 4; lastKnownFileType = sourcecode.c.h; path = EosByteWriter.h; sourceTree = "<group>"; };
		4E71F2A621E748C6002467FE /* EosByteWriter.m */ = {isa = PBXFileReference; fileEncoding = 4; lastKnownFileType = sourcecode.c.objc; path = EosByteWriter.m; sourceTree = "<group>"; };
		4E71F2A721E748C6002467FE /* EosPrivateKey.h */ = {isa = PBXFileReference; fileEncoding = 4; lastKnownFileType = sourcecode.c.h; path = EosPrivateKey.h; sourceTree = "<group>"; };
		4E71F2A821E748C6002467FE /* EosPrivateKey.m */ = {isa = PBXFileReference; fileEncoding = 4; lastKnownFileType = sourcecode.c.objc; path = EosPrivateKey.m; sourceTree = "<group>"; };
		4E71F2A921E748C6002467FE /* Sha256.h */ = {isa = PBXFileReference; fileEncoding = 4; lastKnownFileType = sourcecode.c.h; path = Sha256.h; sourceTree = "<group>"; };
		4E71F2AA21E748C6002467FE /* Sha256.m */ = {isa = PBXFileReference; fileEncoding = 4; lastKnownFileType = sourcecode.c.objc; path = Sha256.m; sourceTree = "<group>"; };
		4E71F2AB21E748C6002467FE /* TypeChainId.h */ = {isa = PBXFileReference; fileEncoding = 4; lastKnownFileType = sourcecode.c.h; path = TypeChainId.h; sourceTree = "<group>"; };
		4E71F2AC21E748C6002467FE /* TypeChainId.m */ = {isa = PBXFileReference; fileEncoding = 4; lastKnownFileType = sourcecode.c.objc; path = TypeChainId.m; sourceTree = "<group>"; };
		4E71F2AE21E748C6002467FE /* NSString+Hash.h */ = {isa = PBXFileReference; fileEncoding = 4; lastKnownFileType = sourcecode.c.h; path = "NSString+Hash.h"; sourceTree = "<group>"; };
		4E71F2AF21E748C6002467FE /* NSString+Hash.m */ = {isa = PBXFileReference; fileEncoding = 4; lastKnownFileType = sourcecode.c.objc; path = "NSString+Hash.m"; sourceTree = "<group>"; };
		4E71F2B121E748C6002467FE /* JKBigDecimal.h */ = {isa = PBXFileReference; fileEncoding = 4; lastKnownFileType = sourcecode.c.h; path = JKBigDecimal.h; sourceTree = "<group>"; };
		4E71F2B221E748C6002467FE /* JKBigDecimal.m */ = {isa = PBXFileReference; fileEncoding = 4; lastKnownFileType = sourcecode.c.objc; path = JKBigDecimal.m; sourceTree = "<group>"; };
		4E71F2B321E748C6002467FE /* JKBigInteger.h */ = {isa = PBXFileReference; fileEncoding = 4; lastKnownFileType = sourcecode.c.h; path = JKBigInteger.h; sourceTree = "<group>"; };
		4E71F2B421E748C6002467FE /* JKBigInteger.m */ = {isa = PBXFileReference; fileEncoding = 4; lastKnownFileType = sourcecode.c.objc; path = JKBigInteger.m; sourceTree = "<group>"; };
		4E71F2B621E748C6002467FE /* tommath.c */ = {isa = PBXFileReference; fileEncoding = 4; lastKnownFileType = sourcecode.c.c; path = tommath.c; sourceTree = "<group>"; };
		4E71F2B721E748C6002467FE /* tommath.h */ = {isa = PBXFileReference; fileEncoding = 4; lastKnownFileType = sourcecode.c.h; path = tommath.h; sourceTree = "<group>"; };
		4E71F2B821E748C6002467FE /* tommath_class.h */ = {isa = PBXFileReference; fileEncoding = 4; lastKnownFileType = sourcecode.c.h; path = tommath_class.h; sourceTree = "<group>"; };
		4E71F2B921E748C6002467FE /* tommath_superclass.h */ = {isa = PBXFileReference; fileEncoding = 4; lastKnownFileType = sourcecode.c.h; path = tommath_superclass.h; sourceTree = "<group>"; };
		4E71F2BA21E748C6002467FE /* NSObject+ToolClass.h */ = {isa = PBXFileReference; fileEncoding = 4; lastKnownFileType = sourcecode.c.h; path = "NSObject+ToolClass.h"; sourceTree = "<group>"; };
		4E71F2D221E748F2002467FE /* CALayer+XibConfiguration.h */ = {isa = PBXFileReference; fileEncoding = 4; lastKnownFileType = sourcecode.c.h; path = "CALayer+XibConfiguration.h"; sourceTree = "<group>"; };
		4E71F2D321E748F2002467FE /* CALayer+XibConfiguration.m */ = {isa = PBXFileReference; fileEncoding = 4; lastKnownFileType = sourcecode.c.objc; path = "CALayer+XibConfiguration.m"; sourceTree = "<group>"; };
		4E71F2D421E748F2002467FE /* NSData+Hash.h */ = {isa = PBXFileReference; fileEncoding = 4; lastKnownFileType = sourcecode.c.h; path = "NSData+Hash.h"; sourceTree = "<group>"; };
		4E71F2D521E748F2002467FE /* NSData+Hash.m */ = {isa = PBXFileReference; fileEncoding = 4; lastKnownFileType = sourcecode.c.objc; path = "NSData+Hash.m"; sourceTree = "<group>"; };
		4E71F2D621E748F2002467FE /* NSDate+ExFoundation.h */ = {isa = PBXFileReference; fileEncoding = 4; lastKnownFileType = sourcecode.c.h; path = "NSDate+ExFoundation.h"; sourceTree = "<group>"; };
		4E71F2D721E748F2002467FE /* NSDate+ExFoundation.m */ = {isa = PBXFileReference; fileEncoding = 4; lastKnownFileType = sourcecode.c.objc; path = "NSDate+ExFoundation.m"; sourceTree = "<group>"; };
		4E71F2D821E748F2002467FE /* NSDictionary+ExFoundation.h */ = {isa = PBXFileReference; fileEncoding = 4; lastKnownFileType = sourcecode.c.h; path = "NSDictionary+ExFoundation.h"; sourceTree = "<group>"; };
		4E71F2D921E748F2002467FE /* NSDictionary+ExFoundation.m */ = {isa = PBXFileReference; fileEncoding = 4; lastKnownFileType = sourcecode.c.objc; path = "NSDictionary+ExFoundation.m"; sourceTree = "<group>"; };
		4E71F2DA21E748F2002467FE /* NSObject+Extension.h */ = {isa = PBXFileReference; fileEncoding = 4; lastKnownFileType = sourcecode.c.h; path = "NSObject+Extension.h"; sourceTree = "<group>"; };
		4E71F2DB21E748F2002467FE /* NSObject+Extension.m */ = {isa = PBXFileReference; fileEncoding = 4; lastKnownFileType = sourcecode.c.objc; path = "NSObject+Extension.m"; sourceTree = "<group>"; };
		4E71F2DC21E748F2002467FE /* NSString+Extention.h */ = {isa = PBXFileReference; fileEncoding = 4; lastKnownFileType = sourcecode.c.h; path = "NSString+Extention.h"; sourceTree = "<group>"; };
		4E71F2DD21E748F2002467FE /* NSString+Extention.m */ = {isa = PBXFileReference; fileEncoding = 4; lastKnownFileType = sourcecode.c.objc; path = "NSString+Extention.m"; sourceTree = "<group>"; };
		4E71F2DE21E748F2002467FE /* UIImage+ExFoundation.h */ = {isa = PBXFileReference; fileEncoding = 4; lastKnownFileType = sourcecode.c.h; path = "UIImage+ExFoundation.h"; sourceTree = "<group>"; };
		4E71F2DF21E748F2002467FE /* UIImage+ExFoundation.m */ = {isa = PBXFileReference; fileEncoding = 4; lastKnownFileType = sourcecode.c.objc; path = "UIImage+ExFoundation.m"; sourceTree = "<group>"; };
		4E71F2E021E748F2002467FE /* UITextView+Placeholder.h */ = {isa = PBXFileReference; fileEncoding = 4; lastKnownFileType = sourcecode.c.h; path = "UITextView+Placeholder.h"; sourceTree = "<group>"; };
		4E71F2E121E748F2002467FE /* UITextView+Placeholder.m */ = {isa = PBXFileReference; fileEncoding = 4; lastKnownFileType = sourcecode.c.objc; path = "UITextView+Placeholder.m"; sourceTree = "<group>"; };
		4E71F2E321E748F3002467FE /* RegularExpression.h */ = {isa = PBXFileReference; fileEncoding = 4; lastKnownFileType = sourcecode.c.h; path = RegularExpression.h; sourceTree = "<group>"; };
		4E71F2E421E748F3002467FE /* RegularExpression.m */ = {isa = PBXFileReference; fileEncoding = 4; lastKnownFileType = sourcecode.c.objc; path = RegularExpression.m; sourceTree = "<group>"; };
		4E71F2E521E748F3002467FE /* WWJRegularJudge.h */ = {isa = PBXFileReference; fileEncoding = 4; lastKnownFileType = sourcecode.c.h; path = WWJRegularJudge.h; sourceTree = "<group>"; };
		4E71F2E621E748F3002467FE /* WWJRegularJudge.m */ = {isa = PBXFileReference; fileEncoding = 4; lastKnownFileType = sourcecode.c.objc; path = WWJRegularJudge.m; sourceTree = "<group>"; };
		51E8285F90ADA30D5FE69065 /* libPods-wallet-ios.a */ = {isa = PBXFileReference; explicitFileType = archive.ar; includeInIndex = 0; path = "libPods-wallet-ios.a"; sourceTree = BUILT_PRODUCTS_DIR; };
		C8DE74363F471755A758B470 /* Pods-wallet-ios.release.xcconfig */ = {isa = PBXFileReference; includeInIndex = 1; lastKnownFileType = text.xcconfig; name = "Pods-wallet-ios.release.xcconfig"; path = "Pods/Target Support Files/Pods-wallet-ios/Pods-wallet-ios.release.xcconfig"; sourceTree = "<group>"; };
		F2AA3601ECBE70E53FF32BA6 /* Pods-wallet-ios.debug.xcconfig */ = {isa = PBXFileReference; includeInIndex = 1; lastKnownFileType = text.xcconfig; name = "Pods-wallet-ios.debug.xcconfig"; path = "Pods/Target Support Files/Pods-wallet-ios/Pods-wallet-ios.debug.xcconfig"; sourceTree = "<group>"; };
/* End PBXFileReference section */

/* Begin PBXFrameworksBuildPhase section */
		04589DD521E3432000910318 /* Frameworks */ = {
			isa = PBXFrameworksBuildPhase;
			buildActionMask = 2147483647;
			files = (
				6E5B108C7B74A79DEBF29EE6 /* libPods-wallet-ios.a in Frameworks */,
			);
			runOnlyForDeploymentPostprocessing = 0;
		};
/* End PBXFrameworksBuildPhase section */

/* Begin PBXGroup section */
		04589DCF21E3432000910318 = {
			isa = PBXGroup;
			children = (
				04589DDA21E3432000910318 /* wallet-ios */,
				04589DD921E3432000910318 /* Products */,
				FA8B8F93FC6CDADED869ED58 /* Pods */,
				53D365D2A77DFED14657D39E /* Frameworks */,
			);
			sourceTree = "<group>";
		};
		04589DD921E3432000910318 /* Products */ = {
			isa = PBXGroup;
			children = (
				04589DD821E3432000910318 /* wallet-ios.app */,
			);
			name = Products;
			sourceTree = "<group>";
		};
		04589DDA21E3432000910318 /* wallet-ios */ = {
			isa = PBXGroup;
			children = (
				4E71F28421E748C6002467FE /* SecureModule */,
				04589DF121E3495500910318 /* Classes */,
				04589DE121E3432000910318 /* Main.storyboard */,
				04589DE421E3432100910318 /* Assets.xcassets */,
				04589DE621E3432100910318 /* LaunchScreen.storyboard */,
				04589DE921E3432100910318 /* Info.plist */,
				04589DEA21E3432100910318 /* main.m */,
				4E71F2BA21E748C6002467FE /* NSObject+ToolClass.h */,
				04589E0121E34BCE00910318 /* PrefixHeader.pch */,
			);
			path = "wallet-ios";
			sourceTree = "<group>";
		};
		04589DF121E3495500910318 /* Classes */ = {
			isa = PBXGroup;
			children = (
				04589DDB21E3432000910318 /* AppDelegate.h */,
				04589DDC21E3432000910318 /* AppDelegate.m */,
				04589DF221E34A1300910318 /* Base */,
				4E71F28121E748A1002467FE /* Misc */,
				04589DF321E34A1B00910318 /* Nav */,
				04589E0221E350F500910318 /* Wallet */,
				04589E0B21E3526800910318 /* Explore */,
				04589E1121E3528C00910318 /* My */,
				045E2D5321E4A2BB007439B6 /* Transfer */,
				04589DFA21E34AA800910318 /* Util */,
				04589E1721E37C8E00910318 /* View */,
			);
			path = Classes;
			sourceTree = "<group>";
		};
		04589DF221E34A1300910318 /* Base */ = {
			isa = PBXGroup;
			children = (
				04589E0421E3515A00910318 /* BaseVC.h */,
				04589E0321E3515A00910318 /* BaseVC.m */,
			);
			path = Base;
			sourceTree = "<group>";
		};
		04589DF321E34A1B00910318 /* Nav */ = {
			isa = PBXGroup;
			children = (
				04589DF521E34A5400910318 /* NavVC.h */,
				04589DF421E34A5400910318 /* NavVC.m */,
				04589DF621E34A5400910318 /* TabBarVC.h */,
				04589DF721E34A5400910318 /* TabBarVC.m */,
			);
			path = Nav;
			sourceTree = "<group>";
		};
		04589DFA21E34AA800910318 /* Util */ = {
			isa = PBXGroup;
			children = (
				4E71F2D121E748F2002467FE /* Foundation */,
				4E71F2E221E748F3002467FE /* RegularExpression */,
				04589DFD21E34AED00910318 /* UIColor+Util.h */,
				04589DFB21E34AED00910318 /* UIColor+Util.m */,
				04589DFC21E34AED00910318 /* UIImage+Util.h */,
				04589DFE21E34AED00910318 /* UIImage+Util.m */,
			);
			path = Util;
			sourceTree = "<group>";
		};
		04589E0221E350F500910318 /* Wallet */ = {
			isa = PBXGroup;
			children = (
				04589E0621E3523900910318 /* WalletVC.h */,
				04589E0721E3523900910318 /* WalletVC.m */,
				04589E0821E3523900910318 /* WalletVC.xib */,
			);
			path = Wallet;
			sourceTree = "<group>";
		};
		04589E0B21E3526800910318 /* Explore */ = {
			isa = PBXGroup;
			children = (
				04589E0C21E3528600910318 /* ExploreVC.h */,
				04589E0D21E3528600910318 /* ExploreVC.m */,
			);
			path = Explore;
			sourceTree = "<group>";
		};
		04589E1121E3528C00910318 /* My */ = {
			isa = PBXGroup;
			children = (
				04589E1221E3529F00910318 /* MyVC.h */,
				04589E1321E3529F00910318 /* MyVC.m */,
				04589E1421E3529F00910318 /* MyVC.xib */,
			);
			path = My;
			sourceTree = "<group>";
		};
		04589E1721E37C8E00910318 /* View */ = {
			isa = PBXGroup;
			children = (
				04589E1821E37D7800910318 /* ReceiptTransferButton.h */,
				04589E1921E37D7800910318 /* ReceiptTransferButton.m */,
				049334C021E592DB00F1137A /* WTextView.h */,
				049334C121E592DB00F1137A /* WTextView.m */,
				04AB4D7A21E7202000418AA2 /* AssetsTypePopView.h */,
				04AB4D7B21E7202000418AA2 /* AssetsTypePopView.m */,
				04AB4D7D21E72BD400418AA2 /* TransferPopView.h */,
				04AB4D7E21E72BD400418AA2 /* TransferPopView.m */,
				04AB4D8021E72C0100418AA2 /* TransferPopView.xib */,
				04AB4D8221E74F8100418AA2 /* Toast.h */,
				04AB4D8321E74F8100418AA2 /* Toast.m */,
				0442AAAE21E839A200448E14 /* PasswordPopView.h */,
				0442AAAF21E839A200448E14 /* PasswordPopView.m */,
				0442AAB121E839B200448E14 /* PasswordPopView.xib */,
			);
			path = View;
			sourceTree = "<group>";
		};
		045E2D5321E4A2BB007439B6 /* Transfer */ = {
			isa = PBXGroup;
			children = (
				045E2D5421E4A2F1007439B6 /* TransferVC.h */,
				045E2D5521E4A2F1007439B6 /* TransferVC.m */,
				045E2D5621E4A2F1007439B6 /* TransferVC.xib */,
			);
			path = Transfer;
			sourceTree = "<group>";
		};
		4E71F28121E748A1002467FE /* Misc */ = {
			isa = PBXGroup;
			children = (
				4E71F28221E748A1002467FE /* BaseUrl.h */,
				4E71F28321E748A1002467FE /* Constant.h */,
			);
			path = Misc;
			sourceTree = "<group>";
		};
		4E71F28421E748C6002467FE /* SecureModule */ = {
			isa = PBXGroup;
			children = (
				4E71F28521E748C6002467FE /* AESCrypt */,
				4E71F29021E748C6002467FE /* Certificate */,
				4E71F29321E748C6002467FE /* Crypto */,
				4E71F2A021E748C6002467FE /* EC */,
				4E71F2AD21E748C6002467FE /* Hash */,
				4E71F2B021E748C6002467FE /* JKBigInteger */,
			);
			path = SecureModule;
			sourceTree = "<group>";
		};
		4E71F28521E748C6002467FE /* AESCrypt */ = {
			isa = PBXGroup;
			children = (
				4E71F28621E748C6002467FE /* AESCrypt.h */,
				4E71F28721E748C6002467FE /* AESCrypt.m */,
				4E71F28821E748C6002467FE /* Base64.h */,
				4E71F28921E748C6002467FE /* Base64.m */,
				4E71F28A21E748C6002467FE /* NSData+CommonCrypto.h */,
				4E71F28B21E748C6002467FE /* NSData+CommonCrypto.m */,
				4E71F28C21E748C6002467FE /* NSObject+Extension.h */,
				4E71F28D21E748C6002467FE /* NSObject+Extension.m */,
				4E71F28E21E748C6002467FE /* PBKDF2.h */,
				4E71F28F21E748C6002467FE /* PBKDF2.m */,
			);
			path = AESCrypt;
			sourceTree = "<group>";
		};
		4E71F29021E748C6002467FE /* Certificate */ = {
			isa = PBXGroup;
			children = (
				4E71F29121E748C6002467FE /* client.p12 */,
				4E71F29221E748C6002467FE /* server.cer */,
			);
			path = Certificate;
			sourceTree = "<group>";
		};
		4E71F29321E748C6002467FE /* Crypto */ = {
			isa = PBXGroup;
			children = (
				4E71F29421E748C6002467FE /* base58.c */,
				4E71F29521E748C6002467FE /* libbase58.h */,
				4E71F29621E748C6002467FE /* macros.h */,
				4E71F29721E748C6002467FE /* options.h */,
				4E71F29821E748C6002467FE /* rmd160.c */,
				4E71F29921E748C6002467FE /* rmd160.h */,
				4E71F29A21E748C6002467FE /* sha2.c */,
				4E71F29B21E748C6002467FE /* sha2.h */,
				4E71F29C21E748C6002467FE /* sha3.c */,
				4E71F29D21E748C6002467FE /* sha3.h */,
				4E71F29E21E748C6002467FE /* uECC.c */,
				4E71F29F21E748C6002467FE /* uECC.h */,
			);
			path = Crypto;
			sourceTree = "<group>";
		};
		4E71F2A021E748C6002467FE /* EC */ = {
			isa = PBXGroup;
			children = (
				4E71F2A121E748C6002467FE /* EcDsa.h */,
				4E71F2A221E748C6002467FE /* EcDsa.m */,
				4E71F2A321E748C6002467FE /* EOS_Key_Encode.h */,
				4E71F2A421E748C6002467FE /* EOS_Key_Encode.m */,
				4E71F2A521E748C6002467FE /* EosByteWriter.h */,
				4E71F2A621E748C6002467FE /* EosByteWriter.m */,
				4E71F2A721E748C6002467FE /* EosPrivateKey.h */,
				4E71F2A821E748C6002467FE /* EosPrivateKey.m */,
				4E71F2A921E748C6002467FE /* Sha256.h */,
				4E71F2AA21E748C6002467FE /* Sha256.m */,
				4E71F2AB21E748C6002467FE /* TypeChainId.h */,
				4E71F2AC21E748C6002467FE /* TypeChainId.m */,
			);
			path = EC;
			sourceTree = "<group>";
		};
		4E71F2AD21E748C6002467FE /* Hash */ = {
			isa = PBXGroup;
			children = (
				4E71F2AE21E748C6002467FE /* NSString+Hash.h */,
				4E71F2AF21E748C6002467FE /* NSString+Hash.m */,
			);
			path = Hash;
			sourceTree = "<group>";
		};
		4E71F2B021E748C6002467FE /* JKBigInteger */ = {
			isa = PBXGroup;
			children = (
				4E71F2B121E748C6002467FE /* JKBigDecimal.h */,
				4E71F2B221E748C6002467FE /* JKBigDecimal.m */,
				4E71F2B321E748C6002467FE /* JKBigInteger.h */,
				4E71F2B421E748C6002467FE /* JKBigInteger.m */,
				4E71F2B521E748C6002467FE /* LibTomMath */,
			);
			path = JKBigInteger;
			sourceTree = "<group>";
		};
		4E71F2B521E748C6002467FE /* LibTomMath */ = {
			isa = PBXGroup;
			children = (
				4E71F2B621E748C6002467FE /* tommath.c */,
				4E71F2B721E748C6002467FE /* tommath.h */,
				4E71F2B821E748C6002467FE /* tommath_class.h */,
				4E71F2B921E748C6002467FE /* tommath_superclass.h */,
			);
			path = LibTomMath;
			sourceTree = "<group>";
		};
		4E71F2D121E748F2002467FE /* Foundation */ = {
			isa = PBXGroup;
			children = (
				4E71F2D221E748F2002467FE /* CALayer+XibConfiguration.h */,
				4E71F2D321E748F2002467FE /* CALayer+XibConfiguration.m */,
				4E71F2D421E748F2002467FE /* NSData+Hash.h */,
				4E71F2D521E748F2002467FE /* NSData+Hash.m */,
				4E71F2D621E748F2002467FE /* NSDate+ExFoundation.h */,
				4E71F2D721E748F2002467FE /* NSDate+ExFoundation.m */,
				4E71F2D821E748F2002467FE /* NSDictionary+ExFoundation.h */,
				4E71F2D921E748F2002467FE /* NSDictionary+ExFoundation.m */,
				4E71F2DA21E748F2002467FE /* NSObject+Extension.h */,
				4E71F2DB21E748F2002467FE /* NSObject+Extension.m */,
				4E71F2DC21E748F2002467FE /* NSString+Extention.h */,
				4E71F2DD21E748F2002467FE /* NSString+Extention.m */,
				4E71F2DE21E748F2002467FE /* UIImage+ExFoundation.h */,
				4E71F2DF21E748F2002467FE /* UIImage+ExFoundation.m */,
				4E71F2E021E748F2002467FE /* UITextView+Placeholder.h */,
				4E71F2E121E748F2002467FE /* UITextView+Placeholder.m */,
			);
			path = Foundation;
			sourceTree = "<group>";
		};
		4E71F2E221E748F3002467FE /* RegularExpression */ = {
			isa = PBXGroup;
			children = (
				4E71F2E321E748F3002467FE /* RegularExpression.h */,
				4E71F2E421E748F3002467FE /* RegularExpression.m */,
				4E71F2E521E748F3002467FE /* WWJRegularJudge.h */,
				4E71F2E621E748F3002467FE /* WWJRegularJudge.m */,
			);
			path = RegularExpression;
			sourceTree = "<group>";
		};
		53D365D2A77DFED14657D39E /* Frameworks */ = {
			isa = PBXGroup;
			children = (
				51E8285F90ADA30D5FE69065 /* libPods-wallet-ios.a */,
			);
			name = Frameworks;
			sourceTree = "<group>";
		};
		FA8B8F93FC6CDADED869ED58 /* Pods */ = {
			isa = PBXGroup;
			children = (
				F2AA3601ECBE70E53FF32BA6 /* Pods-wallet-ios.debug.xcconfig */,
				C8DE74363F471755A758B470 /* Pods-wallet-ios.release.xcconfig */,
			);
			name = Pods;
			sourceTree = "<group>";
		};
/* End PBXGroup section */

/* Begin PBXNativeTarget section */
		04589DD721E3432000910318 /* wallet-ios */ = {
			isa = PBXNativeTarget;
			buildConfigurationList = 04589DEE21E3432100910318 /* Build configuration list for PBXNativeTarget "wallet-ios" */;
			buildPhases = (
				3A088D7F980C95FEE45D245C /* [CP] Check Pods Manifest.lock */,
				04589DD421E3432000910318 /* Sources */,
				04589DD521E3432000910318 /* Frameworks */,
				04589DD621E3432000910318 /* Resources */,
			);
			buildRules = (
			);
			dependencies = (
			);
			name = "wallet-ios";
			productName = "wallet-ios";
			productReference = 04589DD821E3432000910318 /* wallet-ios.app */;
			productType = "com.apple.product-type.application";
		};
/* End PBXNativeTarget section */

/* Begin PBXProject section */
		04589DD021E3432000910318 /* Project object */ = {
			isa = PBXProject;
			attributes = {
				LastUpgradeCheck = 0940;
				ORGANIZATIONNAME = mac;
				TargetAttributes = {
					04589DD721E3432000910318 = {
						CreatedOnToolsVersion = 9.4.1;
					};
				};
			};
			buildConfigurationList = 04589DD321E3432000910318 /* Build configuration list for PBXProject "wallet-ios" */;
			compatibilityVersion = "Xcode 9.3";
			developmentRegion = en;
			hasScannedForEncodings = 0;
			knownRegions = (
				en,
				Base,
			);
			mainGroup = 04589DCF21E3432000910318;
			productRefGroup = 04589DD921E3432000910318 /* Products */;
			projectDirPath = "";
			projectRoot = "";
			targets = (
				04589DD721E3432000910318 /* wallet-ios */,
			);
		};
/* End PBXProject section */

/* Begin PBXResourcesBuildPhase section */
		04589DD621E3432000910318 /* Resources */ = {
			isa = PBXResourcesBuildPhase;
			buildActionMask = 2147483647;
			files = (
				04589DE821E3432100910318 /* LaunchScreen.storyboard in Resources */,
				04AB4D8121E72C0100418AA2 /* TransferPopView.xib in Resources */,
				4E71F2C021E748C6002467FE /* client.p12 in Resources */,
				045E2D5821E4A2F1007439B6 /* TransferVC.xib in Resources */,
				04589DE521E3432100910318 /* Assets.xcassets in Resources */,
				4E71F2C121E748C6002467FE /* server.cer in Resources */,
				0442AAB221E839B200448E14 /* PasswordPopView.xib in Resources */,
				04589DE321E3432000910318 /* Main.storyboard in Resources */,
				04589E1621E3529F00910318 /* MyVC.xib in Resources */,
				04589E0A21E3523900910318 /* WalletVC.xib in Resources */,
			);
			runOnlyForDeploymentPostprocessing = 0;
		};
/* End PBXResourcesBuildPhase section */

/* Begin PBXShellScriptBuildPhase section */
		3A088D7F980C95FEE45D245C /* [CP] Check Pods Manifest.lock */ = {
			isa = PBXShellScriptBuildPhase;
			buildActionMask = 2147483647;
			files = (
			);
			inputPaths = (
				"${PODS_PODFILE_DIR_PATH}/Podfile.lock",
				"${PODS_ROOT}/Manifest.lock",
			);
			name = "[CP] Check Pods Manifest.lock";
			outputPaths = (
				"$(DERIVED_FILE_DIR)/Pods-wallet-ios-checkManifestLockResult.txt",
			);
			runOnlyForDeploymentPostprocessing = 0;
			shellPath = /bin/sh;
			shellScript = "diff \"${PODS_PODFILE_DIR_PATH}/Podfile.lock\" \"${PODS_ROOT}/Manifest.lock\" > /dev/null\nif [ $? != 0 ] ; then\n    # print error to STDERR\n    echo \"error: The sandbox is not in sync with the Podfile.lock. Run 'pod install' or update your CocoaPods installation.\" >&2\n    exit 1\nfi\n# This output is used by Xcode 'outputs' to avoid re-running this script phase.\necho \"SUCCESS\" > \"${SCRIPT_OUTPUT_FILE_0}\"\n";
			showEnvVarsInLog = 0;
		};
/* End PBXShellScriptBuildPhase section */

/* Begin PBXSourcesBuildPhase section */
		04589DD421E3432000910318 /* Sources */ = {
			isa = PBXSourcesBuildPhase;
			buildActionMask = 2147483647;
			files = (
				4E71F2C421E748C6002467FE /* sha2.c in Sources */,
				4E71F2BB21E748C6002467FE /* AESCrypt.m in Sources */,
				04589E0F21E3528600910318 /* ExploreVC.m in Sources */,
				4E71F2BD21E748C6002467FE /* NSData+CommonCrypto.m in Sources */,
				4E71F2E821E748F3002467FE /* NSData+Hash.m in Sources */,
				04AB4D7C21E7202000418AA2 /* AssetsTypePopView.m in Sources */,
				04589DF821E34A5400910318 /* NavVC.m in Sources */,
				4E71F2EB21E748F3002467FE /* NSObject+Extension.m in Sources */,
				4E71F2CC21E748C6002467FE /* TypeChainId.m in Sources */,
				4E71F2BC21E748C6002467FE /* Base64.m in Sources */,
				04589DFF21E34AED00910318 /* UIColor+Util.m in Sources */,
				04589E1521E3529F00910318 /* MyVC.m in Sources */,
				049334C221E592DB00F1137A /* WTextView.m in Sources */,
				04589E1A21E37D7800910318 /* ReceiptTransferButton.m in Sources */,
				4E71F2CF21E748C6002467FE /* JKBigInteger.m in Sources */,
				04589E0921E3523900910318 /* WalletVC.m in Sources */,
				4E71F2EF21E748F3002467FE /* RegularExpression.m in Sources */,
				4E71F2CE21E748C6002467FE /* JKBigDecimal.m in Sources */,
				04AB4D7F21E72BD400418AA2 /* TransferPopView.m in Sources */,
				4E71F2E721E748F3002467FE /* CALayer+XibConfiguration.m in Sources */,
				04589DEB21E3432100910318 /* main.m in Sources */,
				04589DF921E34A5400910318 /* TabBarVC.m in Sources */,
				4E71F2E921E748F3002467FE /* NSDate+ExFoundation.m in Sources */,
				04AB4D8421E74F8100418AA2 /* Toast.m in Sources */,
				4E71F2C821E748C6002467FE /* EOS_Key_Encode.m in Sources */,
				4E71F2CD21E748C6002467FE /* NSString+Hash.m in Sources */,
				4E71F2EC21E748F3002467FE /* NSString+Extention.m in Sources */,
				4E71F2D021E748C6002467FE /* tommath.c in Sources */,
				4E71F2CB21E748C6002467FE /* Sha256.m in Sources */,
				04589E0021E34AED00910318 /* UIImage+Util.m in Sources */,
				4E71F2C721E748C6002467FE /* EcDsa.m in Sources */,
				4E71F2C321E748C6002467FE /* rmd160.c in Sources */,
				045E2D5721E4A2F1007439B6 /* TransferVC.m in Sources */,
				4E71F2CA21E748C6002467FE /* EosPrivateKey.m in Sources */,
				4E71F2BF21E748C6002467FE /* PBKDF2.m in Sources */,
				4E71F2EA21E748F3002467FE /* NSDictionary+ExFoundation.m in Sources */,
				4E71F2C221E748C6002467FE /* base58.c in Sources */,
				4E71F2C621E748C6002467FE /* uECC.c in Sources */,
				4E71F2EE21E748F3002467FE /* UITextView+Placeholder.m in Sources */,
				04589DDD21E3432000910318 /* AppDelegate.m in Sources */,
				4E71F2BE21E748C6002467FE /* NSObject+Extension.m in Sources */,
				4E71F2C521E748C6002467FE /* sha3.c in Sources */,
				0442AAB021E839A200448E14 /* PasswordPopView.m in Sources */,
				4E71F2C921E748C6002467FE /* EosByteWriter.m in Sources */,
				04589E0521E3515A00910318 /* BaseVC.m in Sources */,
				4E71F2ED21E748F3002467FE /* UIImage+ExFoundation.m in Sources */,
				4E71F2F021E748F3002467FE /* WWJRegularJudge.m in Sources */,
			);
			runOnlyForDeploymentPostprocessing = 0;
		};
/* End PBXSourcesBuildPhase section */

/* Begin PBXVariantGroup section */
		04589DE121E3432000910318 /* Main.storyboard */ = {
			isa = PBXVariantGroup;
			children = (
				04589DE221E3432000910318 /* Base */,
			);
			name = Main.storyboard;
			sourceTree = "<group>";
		};
		04589DE621E3432100910318 /* LaunchScreen.storyboard */ = {
			isa = PBXVariantGroup;
			children = (
				04589DE721E3432100910318 /* Base */,
			);
			name = LaunchScreen.storyboard;
			sourceTree = "<group>";
		};
/* End PBXVariantGroup section */

/* Begin XCBuildConfiguration section */
		04589DEC21E3432100910318 /* Debug */ = {
			isa = XCBuildConfiguration;
			buildSettings = {
				ALWAYS_SEARCH_USER_PATHS = NO;
				CLANG_ANALYZER_NONNULL = YES;
				CLANG_ANALYZER_NUMBER_OBJECT_CONVERSION = YES_AGGRESSIVE;
				CLANG_CXX_LANGUAGE_STANDARD = "gnu++14";
				CLANG_CXX_LIBRARY = "libc++";
				CLANG_ENABLE_MODULES = YES;
				CLANG_ENABLE_OBJC_ARC = YES;
				CLANG_ENABLE_OBJC_WEAK = YES;
				CLANG_WARN_BLOCK_CAPTURE_AUTORELEASING = YES;
				CLANG_WARN_BOOL_CONVERSION = YES;
				CLANG_WARN_COMMA = YES;
				CLANG_WARN_CONSTANT_CONVERSION = YES;
				CLANG_WARN_DEPRECATED_OBJC_IMPLEMENTATIONS = YES;
				CLANG_WARN_DIRECT_OBJC_ISA_USAGE = YES_ERROR;
				CLANG_WARN_DOCUMENTATION_COMMENTS = YES;
				CLANG_WARN_EMPTY_BODY = YES;
				CLANG_WARN_ENUM_CONVERSION = YES;
				CLANG_WARN_INFINITE_RECURSION = YES;
				CLANG_WARN_INT_CONVERSION = YES;
				CLANG_WARN_NON_LITERAL_NULL_CONVERSION = YES;
				CLANG_WARN_OBJC_IMPLICIT_RETAIN_SELF = YES;
				CLANG_WARN_OBJC_LITERAL_CONVERSION = YES;
				CLANG_WARN_OBJC_ROOT_CLASS = YES_ERROR;
				CLANG_WARN_RANGE_LOOP_ANALYSIS = YES;
				CLANG_WARN_STRICT_PROTOTYPES = YES;
				CLANG_WARN_SUSPICIOUS_MOVE = YES;
				CLANG_WARN_UNGUARDED_AVAILABILITY = YES_AGGRESSIVE;
				CLANG_WARN_UNREACHABLE_CODE = YES;
				CLANG_WARN__DUPLICATE_METHOD_MATCH = YES;
				CODE_SIGN_IDENTITY = "iPhone Developer";
				COPY_PHASE_STRIP = NO;
				DEBUG_INFORMATION_FORMAT = dwarf;
				ENABLE_STRICT_OBJC_MSGSEND = YES;
				ENABLE_TESTABILITY = YES;
				GCC_C_LANGUAGE_STANDARD = gnu11;
				GCC_DYNAMIC_NO_PIC = NO;
				GCC_NO_COMMON_BLOCKS = YES;
				GCC_OPTIMIZATION_LEVEL = 0;
				GCC_PREPROCESSOR_DEFINITIONS = (
					"DEBUG=1",
					"$(inherited)",
				);
				GCC_WARN_64_TO_32_BIT_CONVERSION = YES;
				GCC_WARN_ABOUT_RETURN_TYPE = YES_ERROR;
				GCC_WARN_UNDECLARED_SELECTOR = YES;
				GCC_WARN_UNINITIALIZED_AUTOS = YES_AGGRESSIVE;
				GCC_WARN_UNUSED_FUNCTION = YES;
				GCC_WARN_UNUSED_VARIABLE = YES;
				IPHONEOS_DEPLOYMENT_TARGET = 11.4;
				MTL_ENABLE_DEBUG_INFO = YES;
				ONLY_ACTIVE_ARCH = YES;
				SDKROOT = iphoneos;
			};
			name = Debug;
		};
		04589DED21E3432100910318 /* Release */ = {
			isa = XCBuildConfiguration;
			buildSettings = {
				ALWAYS_SEARCH_USER_PATHS = NO;
				CLANG_ANALYZER_NONNULL = YES;
				CLANG_ANALYZER_NUMBER_OBJECT_CONVERSION = YES_AGGRESSIVE;
				CLANG_CXX_LANGUAGE_STANDARD = "gnu++14";
				CLANG_CXX_LIBRARY = "libc++";
				CLANG_ENABLE_MODULES = YES;
				CLANG_ENABLE_OBJC_ARC = YES;
				CLANG_ENABLE_OBJC_WEAK = YES;
				CLANG_WARN_BLOCK_CAPTURE_AUTORELEASING = YES;
				CLANG_WARN_BOOL_CONVERSION = YES;
				CLANG_WARN_COMMA = YES;
				CLANG_WARN_CONSTANT_CONVERSION = YES;
				CLANG_WARN_DEPRECATED_OBJC_IMPLEMENTATIONS = YES;
				CLANG_WARN_DIRECT_OBJC_ISA_USAGE = YES_ERROR;
				CLANG_WARN_DOCUMENTATION_COMMENTS = YES;
				CLANG_WARN_EMPTY_BODY = YES;
				CLANG_WARN_ENUM_CONVERSION = YES;
				CLANG_WARN_INFINITE_RECURSION = YES;
				CLANG_WARN_INT_CONVERSION = YES;
				CLANG_WARN_NON_LITERAL_NULL_CONVERSION = YES;
				CLANG_WARN_OBJC_IMPLICIT_RETAIN_SELF = YES;
				CLANG_WARN_OBJC_LITERAL_CONVERSION = YES;
				CLANG_WARN_OBJC_ROOT_CLASS = YES_ERROR;
				CLANG_WARN_RANGE_LOOP_ANALYSIS = YES;
				CLANG_WARN_STRICT_PROTOTYPES = YES;
				CLANG_WARN_SUSPICIOUS_MOVE = YES;
				CLANG_WARN_UNGUARDED_AVAILABILITY = YES_AGGRESSIVE;
				CLANG_WARN_UNREACHABLE_CODE = YES;
				CLANG_WARN__DUPLICATE_METHOD_MATCH = YES;
				CODE_SIGN_IDENTITY = "iPhone Developer";
				COPY_PHASE_STRIP = NO;
				DEBUG_INFORMATION_FORMAT = "dwarf-with-dsym";
				ENABLE_NS_ASSERTIONS = NO;
				ENABLE_STRICT_OBJC_MSGSEND = YES;
				GCC_C_LANGUAGE_STANDARD = gnu11;
				GCC_NO_COMMON_BLOCKS = YES;
				GCC_WARN_64_TO_32_BIT_CONVERSION = YES;
				GCC_WARN_ABOUT_RETURN_TYPE = YES_ERROR;
				GCC_WARN_UNDECLARED_SELECTOR = YES;
				GCC_WARN_UNINITIALIZED_AUTOS = YES_AGGRESSIVE;
				GCC_WARN_UNUSED_FUNCTION = YES;
				GCC_WARN_UNUSED_VARIABLE = YES;
				IPHONEOS_DEPLOYMENT_TARGET = 11.4;
				MTL_ENABLE_DEBUG_INFO = NO;
				SDKROOT = iphoneos;
				VALIDATE_PRODUCT = YES;
			};
			name = Release;
		};
		04589DEF21E3432100910318 /* Debug */ = {
			isa = XCBuildConfiguration;
			baseConfigurationReference = F2AA3601ECBE70E53FF32BA6 /* Pods-wallet-ios.debug.xcconfig */;
			buildSettings = {
				ASSETCATALOG_COMPILER_APPICON_NAME = AppIcon;
				CODE_SIGN_STYLE = Automatic;
				DEVELOPMENT_TEAM = XAF9X97T6K;
				GCC_PREFIX_HEADER = "$(SRCROOT)/wallet-ios/PrefixHeader.pch";
				INFOPLIST_FILE = "wallet-ios/Info.plist";
				IPHONEOS_DEPLOYMENT_TARGET = 9.0;
				LD_RUNPATH_SEARCH_PATHS = (
					"$(inherited)",
					"@executable_path/Frameworks",
				);
				PRODUCT_BUNDLE_IDENTIFIER = mom.eos.eoswallet;
				PRODUCT_NAME = "$(TARGET_NAME)";
				TARGETED_DEVICE_FAMILY = "1,2";
			};
			name = Debug;
		};
		04589DF021E3432100910318 /* Release */ = {
			isa = XCBuildConfiguration;
			baseConfigurationReference = C8DE74363F471755A758B470 /* Pods-wallet-ios.release.xcconfig */;
			buildSettings = {
				ASSETCATALOG_COMPILER_APPICON_NAME = AppIcon;
				CODE_SIGN_STYLE = Automatic;
				DEVELOPMENT_TEAM = XAF9X97T6K;
				GCC_PREFIX_HEADER = "$(SRCROOT)/wallet-ios/PrefixHeader.pch";
				INFOPLIST_FILE = "wallet-ios/Info.plist";
				IPHONEOS_DEPLOYMENT_TARGET = 9.0;
				LD_RUNPATH_SEARCH_PATHS = (
					"$(inherited)",
					"@executable_path/Frameworks",
				);
				PRODUCT_BUNDLE_IDENTIFIER = mom.eos.eoswallet;
				PRODUCT_NAME = "$(TARGET_NAME)";
				TARGETED_DEVICE_FAMILY = "1,2";
			};
			name = Release;
		};
/* End XCBuildConfiguration section */

/* Begin XCConfigurationList section */
		04589DD321E3432000910318 /* Build configuration list for PBXProject "wallet-ios" */ = {
			isa = XCConfigurationList;
			buildConfigurations = (
				04589DEC21E3432100910318 /* Debug */,
				04589DED21E3432100910318 /* Release */,
			);
			defaultConfigurationIsVisible = 0;
			defaultConfigurationName = Release;
		};
		04589DEE21E3432100910318 /* Build configuration list for PBXNativeTarget "wallet-ios" */ = {
			isa = XCConfigurationList;
			buildConfigurations = (
				04589DEF21E3432100910318 /* Debug */,
				04589DF021E3432100910318 /* Release */,
			);
			defaultConfigurationIsVisible = 0;
			defaultConfigurationName = Release;
		};
/* End XCConfigurationList section */
	};
	rootObject = 04589DD021E3432000910318 /* Project object */;
}
